{
  "name": "TamperMonkeyScript",
  "lockfileVersion": 3,
  "requires": true,
  "packages": {
    "": {
      "devDependencies": {
        "@violentmonkey/types": "^0.1.7"
      }
    },
    "node_modules/@violentmonkey/types": {
      "version": "0.1.7",
      "resolved": "https://registry.npmjs.org/@violentmonkey/types/-/types-0.1.7.tgz",
      "integrity": "sha512-1czfk2Kevw8KlUCbqnzNJBtIJiSG0y3s3hHT12D08OivyNGO2OioKsfJ7BedRFE4KkxRDudf33K2xxDhRtQp+g==",
      "dev": true
    }
  }
}
